
Microsoft Visual Studio Solution File, Format Version 12.00
# Visual Studio 14
VisualStudioVersion = 14.0.25420.1
MinimumVisualStudioVersion = 10.0.40219.1
Project("{FAE04EC0-301F-11D3-BF4B-00C04F79EFBC}") = "GrupoPrazoWeb", "GrupoPrazoWeb\GrupoPrazoWeb.csproj", "{E1DC500A-D79B-44AE-B13B-9F7BF2912ACD}"
EndProject
Project("{FAE04EC0-301F-11D3-BF4B-00C04F79EFBC}") = "GrupoPrazo_Infra", "GrupoPrazo_Infra\GrupoPrazo_Infra.csproj", "{FDBF57BF-3FFF-4CA5-BCF8-5845541078DE}"
EndProject
Global
	GlobalSection(SolutionConfigurationPlatforms) = preSolution
		Debug|Any CPU = Debug|Any CPU
		Release|Any CPU = Release|Any CPU
	EndGlobalSection
	GlobalSection(ProjectConfigurationPlatforms) = postSolution
		{E1DC500A-D79B-44AE-B13B-9F7BF2912ACD}.Debug|Any CPU.ActiveCfg = Debug|Any CPU
		{E1DC500A-D79B-44AE-B13B-9F7BF2912ACD}.Debug|Any CPU.Build.0 = Debug|Any CPU
		{E1DC500A-D79B-44AE-B13B-9F7BF2912ACD}.Release|Any CPU.ActiveCfg = Release|Any CPU
		{E1DC500A-D79B-44AE-B13B-9F7BF2912ACD}.Release|Any CPU.Build.0 = Release|Any CPU
		{FDBF57BF-3FFF-4CA5-BCF8-5845541078DE}.Debug|Any CPU.ActiveCfg = Debug|Any CPU
		{FDBF57BF-3FFF-4CA5-BCF8-5845541078DE}.Debug|Any CPU.Build.0 = Debug|Any CPU
		{FDBF57BF-3FFF-4CA5-BCF8-5845541078DE}.Release|Any CPU.ActiveCfg = Release|Any CPU
		{FDBF57BF-3FFF-4CA5-BCF8-5845541078DE}.Release|Any CPU.Build.0 = Release|Any CPU
	EndGlobalSection
	GlobalSection(SolutionProperties) = preSolution
		HideSolutionNode = FALSE
	EndGlobalSection
EndGlobal
